
Microsoft Visual Studio Solution File, Format Version 12.00
# Visual Studio 15
VisualStudioVersion = 15.0.26730.10
MinimumVisualStudioVersion = 10.0.40219.1
Project("{9A19103F-16F7-4668-BE54-9A1E7A4F7556}") = "Fiver.Mvc.RazorPages", "Fiver.Mvc.RazorPages\Fiver.Mvc.RazorPages.csproj", "{76D30E68-B5AA-49D8-8C06-4D3D81319E22}"
EndProject
Project("{FAE04EC0-301F-11D3-BF4B-00C04F79EFBC}") = "Fiver.Mvc.RazorPages.Testing", "Fiver.Mvc.RazorPages.Testing\Fiver.Mvc.RazorPages.Testing.csproj", "{CBD2A874-4D29-4829-A62C-65A0803CF0FE}"
EndProject
Global
	GlobalSection(SolutionConfigurationPlatforms) = preSolution
		Debug|Any CPU = Debug|Any CPU
		Release|Any CPU = Release|Any CPU
	EndGlobalSection
	GlobalSection(ProjectConfigurationPlatforms) = postSolution
		{76D30E68-B5AA-49D8-8C06-4D3D81319E22}.Debug|Any CPU.ActiveCfg = Debug|Any CPU
		{76D30E68-B5AA-49D8-8C06-4D3D81319E22}.Debug|Any CPU.Build.0 = Debug|Any CPU
		{76D30E68-B5AA-49D8-8C06-4D3D81319E22}.Release|Any CPU.ActiveCfg = Release|Any CPU
		{76D30E68-B5AA-49D8-8C06-4D3D81319E22}.Release|Any CPU.Build.0 = Release|Any CPU
		{CBD2A874-4D29-4829-A62C-65A0803CF0FE}.Debug|Any CPU.ActiveCfg = Debug|Any CPU
		{CBD2A874-4D29-4829-A62C-65A0803CF0FE}.Debug|Any CPU.Build.0 = Debug|Any CPU
		{CBD2A874-4D29-4829-A62C-65A0803CF0FE}.Release|Any CPU.ActiveCfg = Release|Any CPU
		{CBD2A874-4D29-4829-A62C-65A0803CF0FE}.Release|Any CPU.Build.0 = Release|Any CPU
	EndGlobalSection
	GlobalSection(SolutionProperties) = preSolution
		HideSolutionNode = FALSE
	EndGlobalSection
	GlobalSection(ExtensibilityGlobals) = postSolution
		SolutionGuid = {F1AB6507-A482-442D-AB73-E342634BC9F1}
	EndGlobalSection
EndGlobal
